// !$*UTF8*$!
{
	archiveVersion = 1;
	classes = {
	};
	objectVersion = 46;
	objects = {

/* Begin PBXBuildFile section */
		DB13A2AE1555827800FFCCB6 /* main.cpp in Sources */ = {isa = PBXBuildFile; fileRef = DB13A2AD1555827800FFCCB6 /* main.cpp */; };
		DB13A2B01555827800FFCCB6 /* CodeJam_2_2.1 in CopyFiles */ = {isa = PBXBuildFile; fileRef = DB13A2AF1555827800FFCCB6 /* CodeJam_2_2.1 */; };
		DB13A2BC1555828000FFCCB6 /* main.cpp in Sources */ = {isa = PBXBuildFile; fileRef = DB13A2BB1555828000FFCCB6 /* main.cpp */; };
		DB13A2BE1555828000FFCCB6 /* CodeJam_2_3.1 in CopyFiles */ = {isa = PBXBuildFile; fileRef = DB13A2BD1555828000FFCCB6 /* CodeJam_2_3.1 */; };
		DB13A2C51555830B00FFCCB6 /* CodeJam-2-2.cpp in Sources */ = {isa = PBXBuildFile; fileRef = DB13A2C21555830B00FFCCB6 /* CodeJam-2-2.cpp */; };
		DB13A2C91555831D00FFCCB6 /* CodeJam-2-3.cpp in Sources */ = {isa = PBXBuildFile; fileRef = DB13A2C61555831D00FFCCB6 /* CodeJam-2-3.cpp */; };
		DB13A2CA1555837100FFCCB6 /* CodeJam_Util.cpp in Sources */ = {isa = PBXBuildFile; fileRef = DB466509154645F9005790AD /* CodeJam_Util.cpp */; };
		DB13A2CB1555837A00FFCCB6 /* CodeJam_Util.cpp in Sources */ = {isa = PBXBuildFile; fileRef = DB466509154645F9005790AD /* CodeJam_Util.cpp */; };
		DB4664A615463B83005790AD /* main.cpp in Sources */ = {isa = PBXBuildFile; fileRef = DB4664A515463B83005790AD /* main.cpp */; };
		DB4664A815463B83005790AD /* CodeJam_2_1.1 in CopyFiles */ = {isa = PBXBuildFile; fileRef = DB4664A715463B83005790AD /* CodeJam_2_1.1 */; };
		DB4664DD154644F7005790AD /* main.cpp in Sources */ = {isa = PBXBuildFile; fileRef = DB4664DC154644F7005790AD /* main.cpp */; };
		DB4664DF154644F7005790AD /* CodeJam_1_1.1 in CopyFiles */ = {isa = PBXBuildFile; fileRef = DB4664DE154644F7005790AD /* CodeJam_1_1.1 */; };
		DB4664E515464522005790AD /* CodeJam-1-1.cpp in Sources */ = {isa = PBXBuildFile; fileRef = DB4664E315464522005790AD /* CodeJam-1-1.cpp */; };
		DB4664EE15464554005790AD /* main.cpp in Sources */ = {isa = PBXBuildFile; fileRef = DB4664ED15464554005790AD /* main.cpp */; };
		DB4664F015464554005790AD /* CodeJam_1_2.1 in CopyFiles */ = {isa = PBXBuildFile; fileRef = DB4664EF15464554005790AD /* CodeJam_1_2.1 */; };
		DB4664F61546456A005790AD /* CodeJam-1-2.cpp in Sources */ = {isa = PBXBuildFile; fileRef = DB4664F41546456A005790AD /* CodeJam-1-2.cpp */; };
		DB4664FF154645A0005790AD /* main.cpp in Sources */ = {isa = PBXBuildFile; fileRef = DB4664FE154645A0005790AD /* main.cpp */; };
		DB466501154645A0005790AD /* CodeJam_1_3.1 in CopyFiles */ = {isa = PBXBuildFile; fileRef = DB466500154645A0005790AD /* CodeJam_1_3.1 */; };
		DB466507154645B2005790AD /* CodeJam-1-3.cpp in Sources */ = {isa = PBXBuildFile; fileRef = DB466505154645B2005790AD /* CodeJam-1-3.cpp */; };
		DB46650B154645F9005790AD /* CodeJam_Util.cpp in Sources */ = {isa = PBXBuildFile; fileRef = DB466509154645F9005790AD /* CodeJam_Util.cpp */; };
		DB46650C154645F9005790AD /* CodeJam_Util.cpp in Sources */ = {isa = PBXBuildFile; fileRef = DB466509154645F9005790AD /* CodeJam_Util.cpp */; };
		DB46650D154645F9005790AD /* CodeJam_Util.cpp in Sources */ = {isa = PBXBuildFile; fileRef = DB466509154645F9005790AD /* CodeJam_Util.cpp */; };
		DB46650E154645F9005790AD /* CodeJam_Util.cpp in Sources */ = {isa = PBXBuildFile; fileRef = DB466509154645F9005790AD /* CodeJam_Util.cpp */; };
		DB46651115464995005790AD /* CodeJam-2-1.cpp in Sources */ = {isa = PBXBuildFile; fileRef = DB46650F15464995005790AD /* CodeJam-2-1.cpp */; };
		DBEBE209171789C3004A69B4 /* CodeJam_Util.cpp in Sources */ = {isa = PBXBuildFile; fileRef = DB466509154645F9005790AD /* CodeJam_Util.cpp */; };
/* End PBXBuildFile section */

/* Begin PBXCopyFilesBuildPhase section */
		DB13A2A81555827800FFCCB6 /* CopyFiles */ = {
			isa = PBXCopyFilesBuildPhase;
			buildActionMask = 2147483647;
			dstPath = /usr/share/man/man1/;
			dstSubfolderSpec = 0;
			files = (
				DB13A2B01555827800FFCCB6 /* CodeJam_2_2.1 in CopyFiles */,
			);
			runOnlyForDeploymentPostprocessing = 1;
		};
		DB13A2B61555828000FFCCB6 /* CopyFiles */ = {
			isa = PBXCopyFilesBuildPhase;
			buildActionMask = 2147483647;
			dstPath = /usr/share/man/man1/;
			dstSubfolderSpec = 0;
			files = (
				DB13A2BE1555828000FFCCB6 /* CodeJam_2_3.1 in CopyFiles */,
			);
			runOnlyForDeploymentPostprocessing = 1;
		};
		DB46649F15463B82005790AD /* CopyFiles */ = {
			isa = PBXCopyFilesBuildPhase;
			buildActionMask = 2147483647;
			dstPath = /usr/share/man/man1/;
			dstSubfolderSpec = 0;
			files = (
				DB4664A815463B83005790AD /* CodeJam_2_1.1 in CopyFiles */,
			);
			runOnlyForDeploymentPostprocessing = 1;
		};
		DB4664D7154644F7005790AD /* CopyFiles */ = {
			isa = PBXCopyFilesBuildPhase;
			buildActionMask = 2147483647;
			dstPath = /usr/share/man/man1/;
			dstSubfolderSpec = 0;
			files = (
				DB4664DF154644F7005790AD /* CodeJam_1_1.1 in CopyFiles */,
			);
			runOnlyForDeploymentPostprocessing = 1;
		};
		DB4664E815464554005790AD /* CopyFiles */ = {
			isa = PBXCopyFilesBuildPhase;
			buildActionMask = 2147483647;
			dstPath = /usr/share/man/man1/;
			dstSubfolderSpec = 0;
			files = (
				DB4664F015464554005790AD /* CodeJam_1_2.1 in CopyFiles */,
			);
			runOnlyForDeploymentPostprocessing = 1;
		};
		DB4664F9154645A0005790AD /* CopyFiles */ = {
			isa = PBXCopyFilesBuildPhase;
			buildActionMask = 2147483647;
			dstPath = /usr/share/man/man1/;
			dstSubfolderSpec = 0;
			files = (
				DB466501154645A0005790AD /* CodeJam_1_3.1 in CopyFiles */,
			);
			runOnlyForDeploymentPostprocessing = 1;
		};
		DBEBE1FE1717899C004A69B4 /* CopyFiles */ = {
			isa = PBXCopyFilesBuildPhase;
			buildActionMask = 2147483647;
			dstPath = /usr/share/man/man1/;
			dstSubfolderSpec = 0;
			files = (
			);
			runOnlyForDeploymentPostprocessing = 1;
		};
/* End PBXCopyFilesBuildPhase section */

/* Begin PBXFileReference section */
		DB13A2AA1555827800FFCCB6 /* CodeJam-2-2 */ = {isa = PBXFileReference; explicitFileType = "compiled.mach-o.executable"; includeInIndex = 0; path = "CodeJam-2-2"; sourceTree = BUILT_PRODUCTS_DIR; };
		DB13A2AD1555827800FFCCB6 /* main.cpp */ = {isa = PBXFileReference; lastKnownFileType = sourcecode.cpp.cpp; path = main.cpp; sourceTree = "<group>"; };
		DB13A2AF1555827800FFCCB6 /* CodeJam_2_2.1 */ = {isa = PBXFileReference; lastKnownFileType = text.man; path = CodeJam_2_2.1; sourceTree = "<group>"; };
		DB13A2B81555828000FFCCB6 /* CodeJam-2-3 */ = {isa = PBXFileReference; explicitFileType = "compiled.mach-o.executable"; includeInIndex = 0; path = "CodeJam-2-3"; sourceTree = BUILT_PRODUCTS_DIR; };
		DB13A2BB1555828000FFCCB6 /* main.cpp */ = {isa = PBXFileReference; lastKnownFileType = sourcecode.cpp.cpp; path = main.cpp; sourceTree = "<group>"; };
		DB13A2BD1555828000FFCCB6 /* CodeJam_2_3.1 */ = {isa = PBXFileReference; lastKnownFileType = text.man; path = CodeJam_2_3.1; sourceTree = "<group>"; };
		DB13A2C21555830B00FFCCB6 /* CodeJam-2-2.cpp */ = {isa = PBXFileReference; fileEncoding = 4; lastKnownFileType = sourcecode.cpp.cpp; path = "CodeJam-2-2.cpp"; sourceTree = "<group>"; };
		DB13A2C31555830B00FFCCB6 /* CodeJam-2-2.h */ = {isa = PBXFileReference; fileEncoding = 4; lastKnownFileType = sourcecode.c.h; path = "CodeJam-2-2.h"; sourceTree = "<group>"; };
		DB13A2C41555830B00FFCCB6 /* input.txt */ = {isa = PBXFileReference; fileEncoding = 4; lastKnownFileType = text; path = input.txt; sourceTree = "<group>"; };
		DB13A2C61555831D00FFCCB6 /* CodeJam-2-3.cpp */ = {isa = PBXFileReference; fileEncoding = 4; lastKnownFileType = sourcecode.cpp.cpp; path = "CodeJam-2-3.cpp"; sourceTree = "<group>"; };
		DB13A2C71555831D00FFCCB6 /* CodeJam-2-3.h */ = {isa = PBXFileReference; fileEncoding = 4; lastKnownFileType = sourcecode.c.h; path = "CodeJam-2-3.h"; sourceTree = "<group>"; };
		DB13A2C81555831D00FFCCB6 /* input.txt */ = {isa = PBXFileReference; fileEncoding = 4; lastKnownFileType = text; path = input.txt; sourceTree = "<group>"; };
		DB4664A115463B83005790AD /* CodeJam-2-1 */ = {isa = PBXFileReference; explicitFileType = "compiled.mach-o.executable"; includeInIndex = 0; path = "CodeJam-2-1"; sourceTree = BUILT_PRODUCTS_DIR; };
		DB4664A515463B83005790AD /* main.cpp */ = {isa = PBXFileReference; lastKnownFileType = sourcecode.cpp.cpp; path = main.cpp; sourceTree = "<group>"; };
		DB4664A715463B83005790AD /* CodeJam_2_1.1 */ = {isa = PBXFileReference; lastKnownFileType = text.man; path = CodeJam_2_1.1; sourceTree = "<group>"; };
		DB4664D9154644F7005790AD /* CodeJam-1-1 */ = {isa = PBXFileReference; explicitFileType = "compiled.mach-o.executable"; includeInIndex = 0; path = "CodeJam-1-1"; sourceTree = BUILT_PRODUCTS_DIR; };
		DB4664DC154644F7005790AD /* main.cpp */ = {isa = PBXFileReference; lastKnownFileType = sourcecode.cpp.cpp; path = main.cpp; sourceTree = "<group>"; };
		DB4664DE154644F7005790AD /* CodeJam_1_1.1 */ = {isa = PBXFileReference; lastKnownFileType = text.man; path = CodeJam_1_1.1; sourceTree = "<group>"; };
		DB4664E315464522005790AD /* CodeJam-1-1.cpp */ = {isa = PBXFileReference; fileEncoding = 4; lastKnownFileType = sourcecode.cpp.cpp; path = "CodeJam-1-1.cpp"; sourceTree = "<group>"; };
		DB4664E415464522005790AD /* CodeJam-1-1.h */ = {isa = PBXFileReference; fileEncoding = 4; lastKnownFileType = sourcecode.c.h; path = "CodeJam-1-1.h"; sourceTree = "<group>"; };
		DB4664EA15464554005790AD /* CodeJam-1-2 */ = {isa = PBXFileReference; explicitFileType = "compiled.mach-o.executable"; includeInIndex = 0; path = "CodeJam-1-2"; sourceTree = BUILT_PRODUCTS_DIR; };
		DB4664ED15464554005790AD /* main.cpp */ = {isa = PBXFileReference; lastKnownFileType = sourcecode.cpp.cpp; path = main.cpp; sourceTree = "<group>"; };
		DB4664EF15464554005790AD /* CodeJam_1_2.1 */ = {isa = PBXFileReference; lastKnownFileType = text.man; path = CodeJam_1_2.1; sourceTree = "<group>"; };
		DB4664F41546456A005790AD /* CodeJam-1-2.cpp */ = {isa = PBXFileReference; fileEncoding = 4; lastKnownFileType = sourcecode.cpp.cpp; path = "CodeJam-1-2.cpp"; sourceTree = "<group>"; };
		DB4664F51546456A005790AD /* CodeJam-1-2.h */ = {isa = PBXFileReference; fileEncoding = 4; lastKnownFileType = sourcecode.c.h; path = "CodeJam-1-2.h"; sourceTree = "<group>"; };
		DB4664FB154645A0005790AD /* CodeJam-1-3 */ = {isa = PBXFileReference; explicitFileType = "compiled.mach-o.executable"; includeInIndex = 0; path = "CodeJam-1-3"; sourceTree = BUILT_PRODUCTS_DIR; };
		DB4664FE154645A0005790AD /* main.cpp */ = {isa = PBXFileReference; lastKnownFileType = sourcecode.cpp.cpp; path = main.cpp; sourceTree = "<group>"; };
		DB466500154645A0005790AD /* CodeJam_1_3.1 */ = {isa = PBXFileReference; lastKnownFileType = text.man; path = CodeJam_1_3.1; sourceTree = "<group>"; };
		DB466505154645B2005790AD /* CodeJam-1-3.cpp */ = {isa = PBXFileReference; fileEncoding = 4; lastKnownFileType = sourcecode.cpp.cpp; path = "CodeJam-1-3.cpp"; sourceTree = "<group>"; };
		DB466506154645B2005790AD /* CodeJam-1-3.h */ = {isa = PBXFileReference; fileEncoding = 4; lastKnownFileType = sourcecode.c.h; path = "CodeJam-1-3.h"; sourceTree = "<group>"; };
		DB466509154645F9005790AD /* CodeJam_Util.cpp */ = {isa = PBXFileReference; fileEncoding = 4; lastKnownFileType = sourcecode.cpp.cpp; name = CodeJam_Util.cpp; path = "CodeJam-Util/CodeJam_Util.cpp"; sourceTree = "<group>"; };
		DB46650A154645F9005790AD /* CodeJam_Util.h */ = {isa = PBXFileReference; fileEncoding = 4; lastKnownFileType = sourcecode.c.h; name = CodeJam_Util.h; path = "CodeJam-Util/CodeJam_Util.h"; sourceTree = "<group>"; };
		DB46650F15464995005790AD /* CodeJam-2-1.cpp */ = {isa = PBXFileReference; fileEncoding = 4; lastKnownFileType = sourcecode.cpp.cpp; path = "CodeJam-2-1.cpp"; sourceTree = "<group>"; };
		DB46651015464995005790AD /* CodeJam-2-1.h */ = {isa = PBXFileReference; fileEncoding = 4; lastKnownFileType = sourcecode.c.h; path = "CodeJam-2-1.h"; sourceTree = "<group>"; };
		DB46651915464BE7005790AD /* input.txt */ = {isa = PBXFileReference; fileEncoding = 4; lastKnownFileType = text; path = input.txt; sourceTree = "<group>"; };
		DB46651B15464D37005790AD /* input.txt */ = {isa = PBXFileReference; fileEncoding = 4; lastKnownFileType = text; path = input.txt; sourceTree = "<group>"; };
		DB46651C15464D62005790AD /* input.txt */ = {isa = PBXFileReference; fileEncoding = 4; lastKnownFileType = text; path = input.txt; sourceTree = "<group>"; };
		DB46651E15464EEB005790AD /* input-large.txt */ = {isa = PBXFileReference; fileEncoding = 4; lastKnownFileType = text; path = "input-large.txt"; sourceTree = "<group>"; };
		DB46652915464F17005790AD /* input-large.txt */ = {isa = PBXFileReference; fileEncoding = 4; lastKnownFileType = text; path = "input-large.txt"; sourceTree = "<group>"; };
		DB87BAF2154B87D20075EB38 /* input.txt */ = {isa = PBXFileReference; fileEncoding = 4; lastKnownFileType = text; path = input.txt; sourceTree = "<group>"; };
		DBEBE2001717899C004A69B4 /* CodeJam-2013-1-1 */ = {isa = PBXFileReference; explicitFileType = "compiled.mach-o.executable"; includeInIndex = 0; path = "CodeJam-2013-1-1"; sourceTree = BUILT_PRODUCTS_DIR; };
/* End PBXFileReference section */

/* Begin PBXFrameworksBuildPhase section */
		DB13A2A71555827800FFCCB6 /* Frameworks */ = {
			isa = PBXFrameworksBuildPhase;
			buildActionMask = 2147483647;
			files = (
			);
			runOnlyForDeploymentPostprocessing = 0;
		};
		DB13A2B51555828000FFCCB6 /* Frameworks */ = {
			isa = PBXFrameworksBuildPhase;
			buildActionMask = 2147483647;
			files = (
			);
			runOnlyForDeploymentPostprocessing = 0;
		};
		DB46649E15463B82005790AD /* Frameworks */ = {
			isa = PBXFrameworksBuildPhase;
			buildActionMask = 2147483647;
			files = (
			);
			runOnlyForDeploymentPostprocessing = 0;
		};
		DB4664D6154644F7005790AD /* Frameworks */ = {
			isa = PBXFrameworksBuildPhase;
			buildActionMask = 2147483647;
			files = (
			);
			runOnlyForDeploymentPostprocessing = 0;
		};
		DB4664E715464554005790AD /* Frameworks */ = {
			isa = PBXFrameworksBuildPhase;
			buildActionMask = 2147483647;
			files = (
			);
			runOnlyForDeploymentPostprocessing = 0;
		};
		DB4664F8154645A0005790AD /* Frameworks */ = {
			isa = PBXFrameworksBuildPhase;
			buildActionMask = 2147483647;
			files = (
			);
			runOnlyForDeploymentPostprocessing = 0;
		};
		DBEBE1FD1717899C004A69B4 /* Frameworks */ = {
			isa = PBXFrameworksBuildPhase;
			buildActionMask = 2147483647;
			files = (
			);
			runOnlyForDeploymentPostprocessing = 0;
		};
/* End PBXFrameworksBuildPhase section */

/* Begin PBXGroup section */
		DB13A2AC1555827800FFCCB6 /* CodeJam-2-2 */ = {
			isa = PBXGroup;
			children = (
				DB13A2C21555830B00FFCCB6 /* CodeJam-2-2.cpp */,
				DB13A2C31555830B00FFCCB6 /* CodeJam-2-2.h */,
				DB13A2C41555830B00FFCCB6 /* input.txt */,
				DB13A2AD1555827800FFCCB6 /* main.cpp */,
				DB13A2AF1555827800FFCCB6 /* CodeJam_2_2.1 */,
			);
			path = "CodeJam-2-2";
			sourceTree = "<group>";
		};
		DB13A2BA1555828000FFCCB6 /* CodeJam-2-3 */ = {
			isa = PBXGroup;
			children = (
				DB13A2C61555831D00FFCCB6 /* CodeJam-2-3.cpp */,
				DB13A2C71555831D00FFCCB6 /* CodeJam-2-3.h */,
				DB13A2C81555831D00FFCCB6 /* input.txt */,
				DB13A2BB1555828000FFCCB6 /* main.cpp */,
				DB13A2BD1555828000FFCCB6 /* CodeJam_2_3.1 */,
			);
			path = "CodeJam-2-3";
			sourceTree = "<group>";
		};
		DB46649615463B82005790AD = {
			isa = PBXGroup;
			children = (
				DB466508154645E1005790AD /* CodeJam-Util */,
				DB4664A415463B83005790AD /* CodeJam-2-1 */,
				DB4664DB154644F7005790AD /* CodeJam-1-1 */,
				DB4664EC15464554005790AD /* CodeJam-1-2 */,
				DB4664FD154645A0005790AD /* CodeJam-1-3 */,
				DB13A2AC1555827800FFCCB6 /* CodeJam-2-2 */,
				DB13A2BA1555828000FFCCB6 /* CodeJam-2-3 */,
				DB4664A215463B83005790AD /* Products */,
			);
			sourceTree = "<group>";
		};
		DB4664A215463B83005790AD /* Products */ = {
			isa = PBXGroup;
			children = (
				DB4664A115463B83005790AD /* CodeJam-2-1 */,
				DB4664D9154644F7005790AD /* CodeJam-1-1 */,
				DB4664EA15464554005790AD /* CodeJam-1-2 */,
				DB4664FB154645A0005790AD /* CodeJam-1-3 */,
				DB13A2AA1555827800FFCCB6 /* CodeJam-2-2 */,
				DB13A2B81555828000FFCCB6 /* CodeJam-2-3 */,
				DBEBE2001717899C004A69B4 /* CodeJam-2013-1-1 */,
			);
			name = Products;
			sourceTree = "<group>";
		};
		DB4664A415463B83005790AD /* CodeJam-2-1 */ = {
			isa = PBXGroup;
			children = (
				DB87BAF2154B87D20075EB38 /* input.txt */,
				DB46650F15464995005790AD /* CodeJam-2-1.cpp */,
				DB46651015464995005790AD /* CodeJam-2-1.h */,
				DB4664A515463B83005790AD /* main.cpp */,
				DB4664A715463B83005790AD /* CodeJam_2_1.1 */,
			);
			path = "CodeJam-2-1";
			sourceTree = "<group>";
		};
		DB4664DB154644F7005790AD /* CodeJam-1-1 */ = {
			isa = PBXGroup;
			children = (
				DB4664E315464522005790AD /* CodeJam-1-1.cpp */,
				DB4664E415464522005790AD /* CodeJam-1-1.h */,
				DB4664DC154644F7005790AD /* main.cpp */,
				DB4664DE154644F7005790AD /* CodeJam_1_1.1 */,
				DB46651915464BE7005790AD /* input.txt */,
			);
			path = "CodeJam-1-1";
			sourceTree = "<group>";
		};
		DB4664EC15464554005790AD /* CodeJam-1-2 */ = {
			isa = PBXGroup;
			children = (
				DB46651E15464EEB005790AD /* input-large.txt */,
				DB46651C15464D62005790AD /* input.txt */,
				DB4664F41546456A005790AD /* CodeJam-1-2.cpp */,
				DB4664F51546456A005790AD /* CodeJam-1-2.h */,
				DB4664ED15464554005790AD /* main.cpp */,
				DB4664EF15464554005790AD /* CodeJam_1_2.1 */,
			);
			path = "CodeJam-1-2";
			sourceTree = "<group>";
		};
		DB4664FD154645A0005790AD /* CodeJam-1-3 */ = {
			isa = PBXGroup;
			children = (
				DB46652915464F17005790AD /* input-large.txt */,
				DB46651B15464D37005790AD /* input.txt */,
				DB466505154645B2005790AD /* CodeJam-1-3.cpp */,
				DB466506154645B2005790AD /* CodeJam-1-3.h */,
				DB4664FE154645A0005790AD /* main.cpp */,
				DB466500154645A0005790AD /* CodeJam_1_3.1 */,
			);
			path = "CodeJam-1-3";
			sourceTree = "<group>";
		};
		DB466508154645E1005790AD /* CodeJam-Util */ = {
			isa = PBXGroup;
			children = (
				DB466509154645F9005790AD /* CodeJam_Util.cpp */,
				DB46650A154645F9005790AD /* CodeJam_Util.h */,
			);
			name = "CodeJam-Util";
			sourceTree = "<group>";
		};
/* End PBXGroup section */

/* Begin PBXNativeTarget section */
		DB13A2A91555827800FFCCB6 /* CodeJam-2-2 */ = {
			isa = PBXNativeTarget;
			buildConfigurationList = DB13A2B11555827800FFCCB6 /* Build configuration list for PBXNativeTarget "CodeJam-2-2" */;
			buildPhases = (
				DB13A2A61555827800FFCCB6 /* Sources */,
				DB13A2A71555827800FFCCB6 /* Frameworks */,
				DB13A2A81555827800FFCCB6 /* CopyFiles */,
			);
			buildRules = (
			);
			dependencies = (
			);
			name = "CodeJam-2-2";
			productName = "CodeJam-2-2";
			productReference = DB13A2AA1555827800FFCCB6 /* CodeJam-2-2 */;
			productType = "com.apple.product-type.tool";
		};
		DB13A2B71555828000FFCCB6 /* CodeJam-2-3 */ = {
			isa = PBXNativeTarget;
			buildConfigurationList = DB13A2BF1555828000FFCCB6 /* Build configuration list for PBXNativeTarget "CodeJam-2-3" */;
			buildPhases = (
				DB13A2B41555828000FFCCB6 /* Sources */,
				DB13A2B51555828000FFCCB6 /* Frameworks */,
				DB13A2B61555828000FFCCB6 /* CopyFiles */,
			);
			buildRules = (
			);
			dependencies = (
			);
			name = "CodeJam-2-3";
			productName = "CodeJam-2-3";
			productReference = DB13A2B81555828000FFCCB6 /* CodeJam-2-3 */;
			productType = "com.apple.product-type.tool";
		};
		DB4664A015463B82005790AD /* CodeJam-2-1 */ = {
			isa = PBXNativeTarget;
			buildConfigurationList = DB4664AB15463B83005790AD /* Build configuration list for PBXNativeTarget "CodeJam-2-1" */;
			buildPhases = (
				DB46649D15463B82005790AD /* Sources */,
				DB46649E15463B82005790AD /* Frameworks */,
				DB46649F15463B82005790AD /* CopyFiles */,
			);
			buildRules = (
			);
			dependencies = (
			);
			name = "CodeJam-2-1";
			productName = "CodeJam-2-1";
			productReference = DB4664A115463B83005790AD /* CodeJam-2-1 */;
			productType = "com.apple.product-type.tool";
		};
		DB4664D8154644F7005790AD /* CodeJam-1-1 */ = {
			isa = PBXNativeTarget;
			buildConfigurationList = DB4664E0154644F7005790AD /* Build configuration list for PBXNativeTarget "CodeJam-1-1" */;
			buildPhases = (
				DB4664D5154644F7005790AD /* Sources */,
				DB4664D6154644F7005790AD /* Frameworks */,
				DB4664D7154644F7005790AD /* CopyFiles */,
			);
			buildRules = (
			);
			dependencies = (
			);
			name = "CodeJam-1-1";
			productName = "CodeJam-1-1";
			productReference = DB4664D9154644F7005790AD /* CodeJam-1-1 */;
			productType = "com.apple.product-type.tool";
		};
		DB4664E915464554005790AD /* CodeJam-1-2 */ = {
			isa = PBXNativeTarget;
			buildConfigurationList = DB4664F115464554005790AD /* Build configuration list for PBXNativeTarget "CodeJam-1-2" */;
			buildPhases = (
				DB4664E615464554005790AD /* Sources */,
				DB4664E715464554005790AD /* Frameworks */,
				DB4664E815464554005790AD /* CopyFiles */,
			);
			buildRules = (
			);
			dependencies = (
			);
			name = "CodeJam-1-2";
			productName = "CodeJam-1-2";
			productReference = DB4664EA15464554005790AD /* CodeJam-1-2 */;
			productType = "com.apple.product-type.tool";
		};
		DB4664FA154645A0005790AD /* CodeJam-1-3 */ = {
			isa = PBXNativeTarget;
			buildConfigurationList = DB466502154645A0005790AD /* Build configuration list for PBXNativeTarget "CodeJam-1-3" */;
			buildPhases = (
				DB4664F7154645A0005790AD /* Sources */,
				DB4664F8154645A0005790AD /* Frameworks */,
				DB4664F9154645A0005790AD /* CopyFiles */,
			);
			buildRules = (
			);
			dependencies = (
			);
			name = "CodeJam-1-3";
			productName = "CodeJam-1-3";
			productReference = DB4664FB154645A0005790AD /* CodeJam-1-3 */;
			productType = "com.apple.product-type.tool";
		};
		DBEBE1FF1717899C004A69B4 /* CodeJam-2013-1-1 */ = {
			isa = PBXNativeTarget;
			buildConfigurationList = DBEBE2081717899C004A69B4 /* Build configuration list for PBXNativeTarget "CodeJam-2013-1-1" */;
			buildPhases = (
				DBEBE1FC1717899C004A69B4 /* Sources */,
				DBEBE1FD1717899C004A69B4 /* Frameworks */,
				DBEBE1FE1717899C004A69B4 /* CopyFiles */,
			);
			buildRules = (
			);
			dependencies = (
			);
			name = "CodeJam-2013-1-1";
			productName = "CodeJam-2013-1-1";
			productReference = DBEBE2001717899C004A69B4 /* CodeJam-2013-1-1 */;
			productType = "com.apple.product-type.tool";
		};
/* End PBXNativeTarget section */

/* Begin PBXProject section */
		DB46649815463B82005790AD /* Project object */ = {
			isa = PBXProject;
			attributes = {
				LastUpgradeCheck = 0430;
				ORGANIZATIONNAME = n/a;
			};
			buildConfigurationList = DB46649B15463B82005790AD /* Build configuration list for PBXProject "CodeJam" */;
			compatibilityVersion = "Xcode 3.2";
			developmentRegion = English;
			hasScannedForEncodings = 0;
			knownRegions = (
				en,
			);
			mainGroup = DB46649615463B82005790AD;
			productRefGroup = DB4664A215463B83005790AD /* Products */;
			projectDirPath = "";
			projectRoot = "";
			targets = (
				DB4664D8154644F7005790AD /* CodeJam-1-1 */,
				DB4664E915464554005790AD /* CodeJam-1-2 */,
				DB4664FA154645A0005790AD /* CodeJam-1-3 */,
				DB4664A015463B82005790AD /* CodeJam-2-1 */,
				DB13A2A91555827800FFCCB6 /* CodeJam-2-2 */,
				DB13A2B71555828000FFCCB6 /* CodeJam-2-3 */,
				DBEBE1FF1717899C004A69B4 /* CodeJam-2013-1-1 */,
			);
		};
/* End PBXProject section */

/* Begin PBXSourcesBuildPhase section */
		DB13A2A61555827800FFCCB6 /* Sources */ = {
			isa = PBXSourcesBuildPhase;
			buildActionMask = 2147483647;
			files = (
				DB13A2CA1555837100FFCCB6 /* CodeJam_Util.cpp in Sources */,
				DB13A2AE1555827800FFCCB6 /* main.cpp in Sources */,
				DB13A2C51555830B00FFCCB6 /* CodeJam-2-2.cpp in Sources */,
			);
			runOnlyForDeploymentPostprocessing = 0;
		};
		DB13A2B41555828000FFCCB6 /* Sources */ = {
			isa = PBXSourcesBuildPhase;
			buildActionMask = 2147483647;
			files = (
				DB13A2CB1555837A00FFCCB6 /* CodeJam_Util.cpp in Sources */,
				DB13A2BC1555828000FFCCB6 /* main.cpp in Sources */,
				DB13A2C91555831D00FFCCB6 /* CodeJam-2-3.cpp in Sources */,
			);
			runOnlyForDeploymentPostprocessing = 0;
		};
		DB46649D15463B82005790AD /* Sources */ = {
			isa = PBXSourcesBuildPhase;
			buildActionMask = 2147483647;
			files = (
				DB4664A615463B83005790AD /* main.cpp in Sources */,
				DB46650B154645F9005790AD /* CodeJam_Util.cpp in Sources */,
				DB46651115464995005790AD /* CodeJam-2-1.cpp in Sources */,
			);
			runOnlyForDeploymentPostprocessing = 0;
		};
		DB4664D5154644F7005790AD /* Sources */ = {
			isa = PBXSourcesBuildPhase;
			buildActionMask = 2147483647;
			files = (
				DB4664DD154644F7005790AD /* main.cpp in Sources */,
				DB4664E515464522005790AD /* CodeJam-1-1.cpp in Sources */,
				DB46650C154645F9005790AD /* CodeJam_Util.cpp in Sources */,
			);
			runOnlyForDeploymentPostprocessing = 0;
		};
		DB4664E615464554005790AD /* Sources */ = {
			isa = PBXSourcesBuildPhase;
			buildActionMask = 2147483647;
			files = (
				DB4664EE15464554005790AD /* main.cpp in Sources */,
				DB4664F61546456A005790AD /* CodeJam-1-2.cpp in Sources */,
				DB46650D154645F9005790AD /* CodeJam_Util.cpp in Sources */,
			);
			runOnlyForDeploymentPostprocessing = 0;
		};
		DB4664F7154645A0005790AD /* Sources */ = {
			isa = PBXSourcesBuildPhase;
			buildActionMask = 2147483647;
			files = (
				DB4664FF154645A0005790AD /* main.cpp in Sources */,
				DB466507154645B2005790AD /* CodeJam-1-3.cpp in Sources */,
				DB46650E154645F9005790AD /* CodeJam_Util.cpp in Sources */,
			);
			runOnlyForDeploymentPostprocessing = 0;
		};
		DBEBE1FC1717899C004A69B4 /* Sources */ = {
			isa = PBXSourcesBuildPhase;
			buildActionMask = 2147483647;
			files = (
				DBEBE209171789C3004A69B4 /* CodeJam_Util.cpp in Sources */,
			);
			runOnlyForDeploymentPostprocessing = 0;
		};
/* End PBXSourcesBuildPhase section */

/* Begin XCBuildConfiguration section */
		DB13A2B21555827800FFCCB6 /* Debug */ = {
			isa = XCBuildConfiguration;
			buildSettings = {
				PRODUCT_NAME = "$(TARGET_NAME)";
			};
			name = Debug;
		};
		DB13A2B31555827800FFCCB6 /* Release */ = {
			isa = XCBuildConfiguration;
			buildSettings = {
				PRODUCT_NAME = "$(TARGET_NAME)";
			};
			name = Release;
		};
		DB13A2C01555828000FFCCB6 /* Debug */ = {
			isa = XCBuildConfiguration;
			buildSettings = {
				PRODUCT_NAME = "$(TARGET_NAME)";
			};
			name = Debug;
		};
		DB13A2C11555828000FFCCB6 /* Release */ = {
			isa = XCBuildConfiguration;
			buildSettings = {
				PRODUCT_NAME = "$(TARGET_NAME)";
			};
			name = Release;
		};
		DB4664A915463B83005790AD /* Debug */ = {
			isa = XCBuildConfiguration;
			buildSettings = {
				ALWAYS_SEARCH_USER_PATHS = NO;
				ARCHS = "$(ARCHS_STANDARD_64_BIT)";
				CLANG_ENABLE_OBJC_ARC = YES;
				COPY_PHASE_STRIP = NO;
				GCC_C_LANGUAGE_STANDARD = gnu99;
				GCC_DYNAMIC_NO_PIC = NO;
				GCC_ENABLE_OBJC_EXCEPTIONS = YES;
				GCC_OPTIMIZATION_LEVEL = 0;
				GCC_PREPROCESSOR_DEFINITIONS = (
					"DEBUG=1",
					"$(inherited)",
				);
				GCC_SYMBOLS_PRIVATE_EXTERN = NO;
				GCC_VERSION = com.apple.compilers.llvm.clang.1_0;
				GCC_WARN_64_TO_32_BIT_CONVERSION = YES;
				GCC_WARN_ABOUT_RETURN_TYPE = YES;
				GCC_WARN_UNINITIALIZED_AUTOS = YES;
				GCC_WARN_UNUSED_VARIABLE = YES;
				MACOSX_DEPLOYMENT_TARGET = 10.7;
				ONLY_ACTIVE_ARCH = YES;
				SDKROOT = macosx;
			};
			name = Debug;
		};
		DB4664AA15463B83005790AD /* Release */ = {
			isa = XCBuildConfiguration;
			buildSettings = {
				ALWAYS_SEARCH_USER_PATHS = NO;
				ARCHS = "$(ARCHS_STANDARD_64_BIT)";
				CLANG_ENABLE_OBJC_ARC = YES;
				COPY_PHASE_STRIP = YES;
				DEBUG_INFORMATION_FORMAT = "dwarf-with-dsym";
				GCC_C_LANGUAGE_STANDARD = gnu99;
				GCC_ENABLE_OBJC_EXCEPTIONS = YES;
				GCC_VERSION = com.apple.compilers.llvm.clang.1_0;
				GCC_WARN_64_TO_32_BIT_CONVERSION = YES;
				GCC_WARN_ABOUT_RETURN_TYPE = YES;
				GCC_WARN_UNINITIALIZED_AUTOS = YES;
				GCC_WARN_UNUSED_VARIABLE = YES;
				MACOSX_DEPLOYMENT_TARGET = 10.7;
				SDKROOT = macosx;
			};
			name = Release;
		};
		DB4664AC15463B83005790AD /* Debug */ = {
			isa = XCBuildConfiguration;
			buildSettings = {
				PRODUCT_NAME = "$(TARGET_NAME)";
			};
			name = Debug;
		};
		DB4664AD15463B83005790AD /* Release */ = {
			isa = XCBuildConfiguration;
			buildSettings = {
				PRODUCT_NAME = "$(TARGET_NAME)";
			};
			name = Release;
		};
		DB4664E1154644F7005790AD /* Debug */ = {
			isa = XCBuildConfiguration;
			buildSettings = {
				PRODUCT_NAME = "$(TARGET_NAME)";
			};
			name = Debug;
		};
		DB4664E2154644F7005790AD /* Release */ = {
			isa = XCBuildConfiguration;
			buildSettings = {
				PRODUCT_NAME = "$(TARGET_NAME)";
			};
			name = Release;
		};
		DB4664F215464554005790AD /* Debug */ = {
			isa = XCBuildConfiguration;
			buildSettings = {
				PRODUCT_NAME = "$(TARGET_NAME)";
			};
			name = Debug;
		};
		DB4664F315464554005790AD /* Release */ = {
			isa = XCBuildConfiguration;
			buildSettings = {
				PRODUCT_NAME = "$(TARGET_NAME)";
			};
			name = Release;
		};
		DB466503154645A0005790AD /* Debug */ = {
			isa = XCBuildConfiguration;
			buildSettings = {
				PRODUCT_NAME = "$(TARGET_NAME)";
			};
			name = Debug;
		};
		DB466504154645A0005790AD /* Release */ = {
			isa = XCBuildConfiguration;
			buildSettings = {
				PRODUCT_NAME = "$(TARGET_NAME)";
			};
			name = Release;
		};
		DBEBE2061717899C004A69B4 /* Debug */ = {
			isa = XCBuildConfiguration;
			buildSettings = {
				CLANG_CXX_LANGUAGE_STANDARD = "gnu++0x";
				CLANG_CXX_LIBRARY = "libc++";
				CLANG_WARN_CONSTANT_CONVERSION = YES;
				CLANG_WARN_EMPTY_BODY = YES;
				CLANG_WARN_ENUM_CONVERSION = YES;
				CLANG_WARN_INT_CONVERSION = YES;
				CLANG_WARN__DUPLICATE_METHOD_MATCH = YES;
				PRODUCT_NAME = "$(TARGET_NAME)";
			};
			name = Debug;
		};
		DBEBE2071717899C004A69B4 /* Release */ = {
			isa = XCBuildConfiguration;
			buildSettings = {
				CLANG_CXX_LANGUAGE_STANDARD = "gnu++0x";
				CLANG_CXX_LIBRARY = "libc++";
				CLANG_WARN_CONSTANT_CONVERSION = YES;
				CLANG_WARN_EMPTY_BODY = YES;
				CLANG_WARN_ENUM_CONVERSION = YES;
				CLANG_WARN_INT_CONVERSION = YES;
				CLANG_WARN__DUPLICATE_METHOD_MATCH = YES;
				PRODUCT_NAME = "$(TARGET_NAME)";
			};
			name = Release;
		};
/* End XCBuildConfiguration section */

/* Begin XCConfigurationList section */
		DB13A2B11555827800FFCCB6 /* Build configuration list for PBXNativeTarget "CodeJam-2-2" */ = {
			isa = XCConfigurationList;
			buildConfigurations = (
				DB13A2B21555827800FFCCB6 /* Debug */,
				DB13A2B31555827800FFCCB6 /* Release */,
			);
			defaultConfigurationIsVisible = 0;
			defaultConfigurationName = Release;
		};
		DB13A2BF1555828000FFCCB6 /* Build configuration list for PBXNativeTarget "CodeJam-2-3" */ = {
			isa = XCConfigurationList;
			buildConfigurations = (
				DB13A2C01555828000FFCCB6 /* Debug */,
				DB13A2C11555828000FFCCB6 /* Release */,
			);
			defaultConfigurationIsVisible = 0;
			defaultConfigurationName = Release;
		};
		DB46649B15463B82005790AD /* Build configuration list for PBXProject "CodeJam" */ = {
			isa = XCConfigurationList;
			buildConfigurations = (
				DB4664A915463B83005790AD /* Debug */,
				DB4664AA15463B83005790AD /* Release */,
			);
			defaultConfigurationIsVisible = 0;
			defaultConfigurationName = Release;
		};
		DB4664AB15463B83005790AD /* Build configuration list for PBXNativeTarget "CodeJam-2-1" */ = {
			isa = XCConfigurationList;
			buildConfigurations = (
				DB4664AC15463B83005790AD /* Debug */,
				DB4664AD15463B83005790AD /* Release */,
			);
			defaultConfigurationIsVisible = 0;
			defaultConfigurationName = Release;
		};
		DB4664E0154644F7005790AD /* Build configuration list for PBXNativeTarget "CodeJam-1-1" */ = {
			isa = XCConfigurationList;
			buildConfigurations = (
				DB4664E1154644F7005790AD /* Debug */,
				DB4664E2154644F7005790AD /* Release */,
			);
			defaultConfigurationIsVisible = 0;
			defaultConfigurationName = Release;
		};
		DB4664F115464554005790AD /* Build configuration list for PBXNativeTarget "CodeJam-1-2" */ = {
			isa = XCConfigurationList;
			buildConfigurations = (
				DB4664F215464554005790AD /* Debug */,
				DB4664F315464554005790AD /* Release */,
			);
			defaultConfigurationIsVisible = 0;
			defaultConfigurationName = Release;
		};
		DB466502154645A0005790AD /* Build configuration list for PBXNativeTarget "CodeJam-1-3" */ = {
			isa = XCConfigurationList;
			buildConfigurations = (
				DB466503154645A0005790AD /* Debug */,
				DB466504154645A0005790AD /* Release */,
			);
			defaultConfigurationIsVisible = 0;
			defaultConfigurationName = Release;
		};
		DBEBE2081717899C004A69B4 /* Build configuration list for PBXNativeTarget "CodeJam-2013-1-1" */ = {
			isa = XCConfigurationList;
			buildConfigurations = (
				DBEBE2061717899C004A69B4 /* Debug */,
				DBEBE2071717899C004A69B4 /* Release */,
			);
			defaultConfigurationIsVisible = 0;
		};
/* End XCConfigurationList section */
	};
	rootObject = DB46649815463B82005790AD /* Project object */;
}
